
Microsoft Visual Studio Solution File, Format Version 12.00
# Visual Studio Version 17
VisualStudioVersion = 17.11.35327.3
MinimumVisualStudioVersion = 10.0.40219.1
Project("{2150E333-8FDC-42A3-9474-1A3956D46DE8}") = "Task0", "Task0", "{FD9E97E2-EFFF-467D-A1B3-F7BD246D1704}"
EndProject
Project("{FAE04EC0-301F-11D3-BF4B-00C04F79EFBC}") = "Tyuiu.GizatullinAP.Sprint5.Task0.V9", "Tyuiu.GizatullinAP.Sprint5.Task0.V9\Tyuiu.GizatullinAP.Sprint5.Task0.V9.csproj", "{430D8476-A122-4946-B51B-9FD2B5E64F73}"
EndProject
Project("{FAE04EC0-301F-11D3-BF4B-00C04F79EFBC}") = "Tyuiu.GizatullinAP.Sprint5.Task0.V9.Test", "Tyuiu.GizatullinAP.Sprint5.Task0.V9.Test\Tyuiu.GizatullinAP.Sprint5.Task0.V9.Test.csproj", "{AB3D128A-399C-48DF-98CF-E302513E832B}"
EndProject
Project("{FAE04EC0-301F-11D3-BF4B-00C04F79EFBC}") = "Tyuiu.GizatullinAP.Sprint5.Task0.V9.Lib", "Tyuiu.GizatullinAP.Sprint5.Task0.V9.Lib\Tyuiu.GizatullinAP.Sprint5.Task0.V9.Lib.csproj", "{B878E481-499D-47E1-AAF2-0BAFAC4062E9}"
EndProject
Project("{2150E333-8FDC-42A3-9474-1A3956D46DE8}") = "Task1", "Task1", "{4509C3B1-9BE4-4688-A3A1-AB0C6D5CC312}"
EndProject
Project("{FAE04EC0-301F-11D3-BF4B-00C04F79EFBC}") = "Tyuiu.GizatullinAP.Sprint5.Task1.V17.Lib", "Tyuiu.GizatullinAP.Sprint5.Task1.V17.Lib\Tyuiu.GizatullinAP.Sprint5.Task1.V17.Lib.csproj", "{5DB8A8C3-5A73-4933-B9F6-A9EA233218A2}"
EndProject
Project("{FAE04EC0-301F-11D3-BF4B-00C04F79EFBC}") = "Tyuiu.GizatullinAP.Sprint5.Task1.V17.Test", "Tyuiu.GizatullinAP.Sprint5.Task1.V17.Test\Tyuiu.GizatullinAP.Sprint5.Task1.V17.Test.csproj", "{9351DB35-3E2E-4493-9C49-5B0745867C3F}"
EndProject
Project("{FAE04EC0-301F-11D3-BF4B-00C04F79EFBC}") = "Tyuiu.GizatullinAP.Sprint5.Task1.V17", "Tyuiu.GizatullinAP.Sprint5.Task1.V17\Tyuiu.GizatullinAP.Sprint5.Task1.V17.csproj", "{1689C22F-4B41-4A4A-964E-15A2DCCF2189}"
EndProject
Project("{2150E333-8FDC-42A3-9474-1A3956D46DE8}") = "Task2", "Task2", "{0E136D9E-EB1B-4C43-B30E-FAB653D5970D}"
EndProject
Project("{FAE04EC0-301F-11D3-BF4B-00C04F79EFBC}") = "Tyuiu.GizatullinAP.Sprint5.Task2.V28", "Tyuiu.GizatullinAP.Sprint5.Task2.V28\Tyuiu.GizatullinAP.Sprint5.Task2.V28.csproj", "{4F10B004-6FA1-438F-BA1F-B01D8DD844A3}"
EndProject
Project("{FAE04EC0-301F-11D3-BF4B-00C04F79EFBC}") = "Tyuiu.GizatullinAP.Sprint5.Task2.V28.Test", "Tyuiu.GizatullinAP.Sprint5.Task2.V28.Test\Tyuiu.GizatullinAP.Sprint5.Task2.V28.Test.csproj", "{7690213B-7B56-4F05-B4B2-A80E05E1A25E}"
EndProject
Project("{FAE04EC0-301F-11D3-BF4B-00C04F79EFBC}") = "Tyuiu.GizatullinAP.Sprint5.Task2.V28.Lib", "Tyuiu.GizatullinAP.Sprint5.Task2.V28.Lib\Tyuiu.GizatullinAP.Sprint5.Task2.V28.Lib.csproj", "{48F95DAC-D47F-48FD-B2B1-128CC77DC87E}"
EndProject
Global
	GlobalSection(SolutionConfigurationPlatforms) = preSolution
		Debug|Any CPU = Debug|Any CPU
		Release|Any CPU = Release|Any CPU
	EndGlobalSection
	GlobalSection(ProjectConfigurationPlatforms) = postSolution
		{430D8476-A122-4946-B51B-9FD2B5E64F73}.Debug|Any CPU.ActiveCfg = Debug|Any CPU
		{430D8476-A122-4946-B51B-9FD2B5E64F73}.Debug|Any CPU.Build.0 = Debug|Any CPU
		{430D8476-A122-4946-B51B-9FD2B5E64F73}.Release|Any CPU.ActiveCfg = Release|Any CPU
		{430D8476-A122-4946-B51B-9FD2B5E64F73}.Release|Any CPU.Build.0 = Release|Any CPU
		{AB3D128A-399C-48DF-98CF-E302513E832B}.Debug|Any CPU.ActiveCfg = Debug|Any CPU
		{AB3D128A-399C-48DF-98CF-E302513E832B}.Debug|Any CPU.Build.0 = Debug|Any CPU
		{AB3D128A-399C-48DF-98CF-E302513E832B}.Release|Any CPU.ActiveCfg = Release|Any CPU
		{AB3D128A-399C-48DF-98CF-E302513E832B}.Release|Any CPU.Build.0 = Release|Any CPU
		{B878E481-499D-47E1-AAF2-0BAFAC4062E9}.Debug|Any CPU.ActiveCfg = Debug|Any CPU
		{B878E481-499D-47E1-AAF2-0BAFAC4062E9}.Debug|Any CPU.Build.0 = Debug|Any CPU
		{B878E481-499D-47E1-AAF2-0BAFAC4062E9}.Release|Any CPU.ActiveCfg = Release|Any CPU
		{B878E481-499D-47E1-AAF2-0BAFAC4062E9}.Release|Any CPU.Build.0 = Release|Any CPU
		{5DB8A8C3-5A73-4933-B9F6-A9EA233218A2}.Debug|Any CPU.ActiveCfg = Debug|Any CPU
		{5DB8A8C3-5A73-4933-B9F6-A9EA233218A2}.Debug|Any CPU.Build.0 = Debug|Any CPU
		{5DB8A8C3-5A73-4933-B9F6-A9EA233218A2}.Release|Any CPU.ActiveCfg = Release|Any CPU
		{5DB8A8C3-5A73-4933-B9F6-A9EA233218A2}.Release|Any CPU.Build.0 = Release|Any CPU
		{9351DB35-3E2E-4493-9C49-5B0745867C3F}.Debug|Any CPU.ActiveCfg = Debug|Any CPU
		{9351DB35-3E2E-4493-9C49-5B0745867C3F}.Debug|Any CPU.Build.0 = Debug|Any CPU
		{9351DB35-3E2E-4493-9C49-5B0745867C3F}.Release|Any CPU.ActiveCfg = Release|Any CPU
		{9351DB35-3E2E-4493-9C49-5B0745867C3F}.Release|Any CPU.Build.0 = Release|Any CPU
		{1689C22F-4B41-4A4A-964E-15A2DCCF2189}.Debug|Any CPU.ActiveCfg = Debug|Any CPU
		{1689C22F-4B41-4A4A-964E-15A2DCCF2189}.Debug|Any CPU.Build.0 = Debug|Any CPU
		{1689C22F-4B41-4A4A-964E-15A2DCCF2189}.Release|Any CPU.ActiveCfg = Release|Any CPU
		{1689C22F-4B41-4A4A-964E-15A2DCCF2189}.Release|Any CPU.Build.0 = Release|Any CPU
		{4F10B004-6FA1-438F-BA1F-B01D8DD844A3}.Debug|Any CPU.ActiveCfg = Debug|Any CPU
		{4F10B004-6FA1-438F-BA1F-B01D8DD844A3}.Debug|Any CPU.Build.0 = Debug|Any CPU
		{4F10B004-6FA1-438F-BA1F-B01D8DD844A3}.Release|Any CPU.ActiveCfg = Release|Any CPU
		{4F10B004-6FA1-438F-BA1F-B01D8DD844A3}.Release|Any CPU.Build.0 = Release|Any CPU
		{7690213B-7B56-4F05-B4B2-A80E05E1A25E}.Debug|Any CPU.ActiveCfg = Debug|Any CPU
		{7690213B-7B56-4F05-B4B2-A80E05E1A25E}.Debug|Any CPU.Build.0 = Debug|Any CPU
		{7690213B-7B56-4F05-B4B2-A80E05E1A25E}.Release|Any CPU.ActiveCfg = Release|Any CPU
		{7690213B-7B56-4F05-B4B2-A80E05E1A25E}.Release|Any CPU.Build.0 = Release|Any CPU
		{48F95DAC-D47F-48FD-B2B1-128CC77DC87E}.Debug|Any CPU.ActiveCfg = Debug|Any CPU
		{48F95DAC-D47F-48FD-B2B1-128CC77DC87E}.Debug|Any CPU.Build.0 = Debug|Any CPU
		{48F95DAC-D47F-48FD-B2B1-128CC77DC87E}.Release|Any CPU.ActiveCfg = Release|Any CPU
		{48F95DAC-D47F-48FD-B2B1-128CC77DC87E}.Release|Any CPU.Build.0 = Release|Any CPU
	EndGlobalSection
	GlobalSection(SolutionProperties) = preSolution
		HideSolutionNode = FALSE
	EndGlobalSection
	GlobalSection(NestedProjects) = preSolution
		{430D8476-A122-4946-B51B-9FD2B5E64F73} = {FD9E97E2-EFFF-467D-A1B3-F7BD246D1704}
		{AB3D128A-399C-48DF-98CF-E302513E832B} = {FD9E97E2-EFFF-467D-A1B3-F7BD246D1704}
		{B878E481-499D-47E1-AAF2-0BAFAC4062E9} = {FD9E97E2-EFFF-467D-A1B3-F7BD246D1704}
		{5DB8A8C3-5A73-4933-B9F6-A9EA233218A2} = {4509C3B1-9BE4-4688-A3A1-AB0C6D5CC312}
		{9351DB35-3E2E-4493-9C49-5B0745867C3F} = {4509C3B1-9BE4-4688-A3A1-AB0C6D5CC312}
		{1689C22F-4B41-4A4A-964E-15A2DCCF2189} = {4509C3B1-9BE4-4688-A3A1-AB0C6D5CC312}
		{4F10B004-6FA1-438F-BA1F-B01D8DD844A3} = {0E136D9E-EB1B-4C43-B30E-FAB653D5970D}
		{7690213B-7B56-4F05-B4B2-A80E05E1A25E} = {0E136D9E-EB1B-4C43-B30E-FAB653D5970D}
		{48F95DAC-D47F-48FD-B2B1-128CC77DC87E} = {0E136D9E-EB1B-4C43-B30E-FAB653D5970D}
	EndGlobalSection
	GlobalSection(ExtensibilityGlobals) = postSolution
		SolutionGuid = {20072D67-0803-4662-B52E-F45E63A1B258}
	EndGlobalSection
EndGlobal
